
Microsoft Visual Studio Solution File, Format Version 12.00
# Visual Studio Version 16
VisualStudioVersion = 16.0.29728.190
MinimumVisualStudioVersion = 10.0.40219.1
Project("{8BC9CEB8-8B4A-11D0-8D11-00A0C91BC942}") = "tinyc", "tinyc.vcxproj", "{320DA33D-7815-40F2-AC78-6A59AF6192C9}"
EndProject
Project("{8BC9CEB8-8B4A-11D0-8D11-00A0C91BC942}") = "tinym", "tinym.vcxproj", "{2838CF65-B68D-495C-8679-67DC44E262A4}"
EndProject
Global
	GlobalSection(SolutionConfigurationPlatforms) = preSolution
		Debug|x64 = Debug|x64
		Debug|x86 = Debug|x86
		Release|x64 = Release|x64
		Release|x86 = Release|x86
	EndGlobalSection
	GlobalSection(ProjectConfigurationPlatforms) = postSolution
		{320DA33D-7815-40F2-AC78-6A59AF6192C9}.Debug|x64.ActiveCfg = Debug|x64
		{320DA33D-7815-40F2-AC78-6A59AF6192C9}.Debug|x64.Build.0 = Debug|x64
		{320DA33D-7815-40F2-AC78-6A59AF6192C9}.Debug|x86.ActiveCfg = Debug|Win32
		{320DA33D-7815-40F2-AC78-6A59AF6192C9}.Debug|x86.Build.0 = Debug|Win32
		{320DA33D-7815-40F2-AC78-6A59AF6192C9}.Release|x64.ActiveCfg = Release|x64
		{320DA33D-7815-40F2-AC78-6A59AF6192C9}.Release|x64.Build.0 = Release|x64
		{320DA33D-7815-40F2-AC78-6A59AF6192C9}.Release|x86.ActiveCfg = Release|Win32
		{320DA33D-7815-40F2-AC78-6A59AF6192C9}.Release|x86.Build.0 = Release|Win32
		{2838CF65-B68D-495C-8679-67DC44E262A4}.Debug|x64.ActiveCfg = Debug|x64
		{2838CF65-B68D-495C-8679-67DC44E262A4}.Debug|x64.Build.0 = Debug|x64
		{2838CF65-B68D-495C-8679-67DC44E262A4}.Debug|x86.ActiveCfg = Debug|Win32
		{2838CF65-B68D-495C-8679-67DC44E262A4}.Debug|x86.Build.0 = Debug|Win32
		{2838CF65-B68D-495C-8679-67DC44E262A4}.Release|x64.ActiveCfg = Release|x64
		{2838CF65-B68D-495C-8679-67DC44E262A4}.Release|x64.Build.0 = Release|x64
		{2838CF65-B68D-495C-8679-67DC44E262A4}.Release|x86.ActiveCfg = Release|Win32
		{2838CF65-B68D-495C-8679-67DC44E262A4}.Release|x86.Build.0 = Release|Win32
	EndGlobalSection
	GlobalSection(SolutionProperties) = preSolution
		HideSolutionNode = FALSE
	EndGlobalSection
	GlobalSection(ExtensibilityGlobals) = postSolution
		SolutionGuid = {638A89AD-909C-4959-9CC0-00304C1A7A1B}
	EndGlobalSection
EndGlobal
